
Microsoft Visual Studio Solution File, Format Version 12.00
# Visual Studio Version 17
VisualStudioVersion = 17.3.32901.215
MinimumVisualStudioVersion = 10.0.40219.1
Project("{FAE04EC0-301F-11D3-BF4B-00C04F79EFBC}") = "ornek1", "ornek1\ornek1.csproj", "{82BD84B9-9346-45BE-BD91-2B3981F02566}"
EndProject
Global
	GlobalSection(SolutionConfigurationPlatforms) = preSolution
		Debug|Any CPU = Debug|Any CPU
		Release|Any CPU = Release|Any CPU
	EndGlobalSection
	GlobalSection(ProjectConfigurationPlatforms) = postSolution
		{82BD84B9-9346-45BE-BD91-2B3981F02566}.Debug|Any CPU.ActiveCfg = Debug|Any CPU
		{82BD84B9-9346-45BE-BD91-2B3981F02566}.Debug|Any CPU.Build.0 = Debug|Any CPU
		{82BD84B9-9346-45BE-BD91-2B3981F02566}.Release|Any CPU.ActiveCfg = Release|Any CPU
		{82BD84B9-9346-45BE-BD91-2B3981F02566}.Release|Any CPU.Build.0 = Release|Any CPU
	EndGlobalSection
	GlobalSection(SolutionProperties) = preSolution
		HideSolutionNode = FALSE
	EndGlobalSection
	GlobalSection(ExtensibilityGlobals) = postSolution
		SolutionGuid = {D1CD4CA3-3330-4A25-9EC3-3F8A95637891}
	EndGlobalSection
EndGlobal
